
Microsoft Visual Studio Solution File, Format Version 12.00
# Visual Studio Version 17
VisualStudioVersion = 17.11.35312.102
MinimumVisualStudioVersion = 10.0.40219.1
Project("{FAE04EC0-301F-11D3-BF4B-00C04F79EFBC}") = "Geometry", "Geometry\Geometry.csproj", "{256FB614-EF1D-44FA-84DB-4CAF1B7B340A}"
EndProject
Global
	GlobalSection(SolutionConfigurationPlatforms) = preSolution
		Debug|Any CPU = Debug|Any CPU
		Release|Any CPU = Release|Any CPU
	EndGlobalSection
	GlobalSection(ProjectConfigurationPlatforms) = postSolution
		{256FB614-EF1D-44FA-84DB-4CAF1B7B340A}.Debug|Any CPU.ActiveCfg = Debug|Any CPU
		{256FB614-EF1D-44FA-84DB-4CAF1B7B340A}.Debug|Any CPU.Build.0 = Debug|Any CPU
		{256FB614-EF1D-44FA-84DB-4CAF1B7B340A}.Release|Any CPU.ActiveCfg = Release|Any CPU
		{256FB614-EF1D-44FA-84DB-4CAF1B7B340A}.Release|Any CPU.Build.0 = Release|Any CPU
	EndGlobalSection
	GlobalSection(SolutionProperties) = preSolution
		HideSolutionNode = FALSE
	EndGlobalSection
	GlobalSection(ExtensibilityGlobals) = postSolution
		SolutionGuid = {EB5C7104-B75A-4292-B709-E554AF327F83}
	EndGlobalSection
EndGlobal
