
Microsoft Visual Studio Solution File, Format Version 12.00
# Visual Studio Version 17
VisualStudioVersion = 17.11.35312.102
MinimumVisualStudioVersion = 10.0.40219.1
Project("{FAE04EC0-301F-11D3-BF4B-00C04F79EFBC}") = "ShapeInterface", "ShapeInterface\ShapeInterface.csproj", "{81D9E289-7411-4FAC-8C4C-8C703EEC8730}"
EndProject
Global
	GlobalSection(SolutionConfigurationPlatforms) = preSolution
		Debug|Any CPU = Debug|Any CPU
		Release|Any CPU = Release|Any CPU
	EndGlobalSection
	GlobalSection(ProjectConfigurationPlatforms) = postSolution
		{81D9E289-7411-4FAC-8C4C-8C703EEC8730}.Debug|Any CPU.ActiveCfg = Debug|Any CPU
		{81D9E289-7411-4FAC-8C4C-8C703EEC8730}.Debug|Any CPU.Build.0 = Debug|Any CPU
		{81D9E289-7411-4FAC-8C4C-8C703EEC8730}.Release|Any CPU.ActiveCfg = Release|Any CPU
		{81D9E289-7411-4FAC-8C4C-8C703EEC8730}.Release|Any CPU.Build.0 = Release|Any CPU
	EndGlobalSection
	GlobalSection(SolutionProperties) = preSolution
		HideSolutionNode = FALSE
	EndGlobalSection
	GlobalSection(ExtensibilityGlobals) = postSolution
		SolutionGuid = {2C912B0E-3A80-4711-8674-58DC5B1983D6}
	EndGlobalSection
EndGlobal
